# THIS IS AN AUTOGENERATED FILE. DO NOT EDIT THIS FILE DIRECTLY.
# yarn lockfile v1


"@borewit/text-codec@^0.2.1", "@borewit/text-codec@^0.2.2":
  version "0.2.2"
  resolved "https://registry.npmjs.org/@borewit/text-codec/-/text-codec-0.2.2.tgz"
  integrity sha512-DDaRehssg1aNrH4+2hnj1B7vnUGEjU6OIlyRdkMd0aUdIUvKXrJfXsy8LVtXAy7DRvYVluWbMspsRhz2lcW0mQ==

"@cacheable/memory@^2.0.8":
  version "2.0.8"
  resolved "https://registry.npmjs.org/@cacheable/memory/-/memory-2.0.8.tgz"
  integrity sha512-FvEb29x5wVwu/Kf93IWwsOOEuhHh6dYCJF3vcKLzXc0KXIW181AOzv6ceT4ZpBHDvAfG60eqb+ekmrnLHIy+jw==
  dependencies:
    "@cacheable/utils" "^2.4.0"
    "@keyv/bigmap" "^1.3.1"
    hookified "^1.15.1"
    keyv "^5.6.0"

"@cacheable/node-cache@^1.4.0":
  version "1.7.6"
  resolved "https://registry.npmjs.org/@cacheable/node-cache/-/node-cache-1.7.6.tgz"
  integrity sha512-6Omk2SgNnjtxB5f/E6bTIWIt5xhdpx39fGNRQgU9lojvRxU68v+qY+SXXLsp3ZGukqoPjsK21wZ6XABFr/Ge3A==
  dependencies:
    cacheable "^2.3.1"
    hookified "^1.14.0"
    keyv "^5.5.5"

"@cacheable/utils@^2.4.0":
  version "2.4.1"
  resolved "https://registry.npmjs.org/@cacheable/utils/-/utils-2.4.1.tgz"
  integrity sha512-eiFgzCbIneyMlLOmNG4g9xzF7Hv3Mga4LjxjcSC/ues6VYq2+gUbQI8JqNuw/ZM8tJIeIaBGpswAsqV2V7ApgA==
  dependencies:
    hashery "^1.5.1"
    keyv "^5.6.0"

"@fastify/ajv-compiler@^4.0.5":
  version "4.0.5"
  resolved "https://registry.yarnpkg.com/@fastify/ajv-compiler/-/ajv-compiler-4.0.5.tgz#fdb0887a7af51abaae8c1829e8099d34f8ddd302"
  integrity sha512-KoWKW+MhvfTRWL4qrhUwAAZoaChluo0m0vbiJlGMt2GXvL4LVPQEjt8kSpHI3IBq5Rez8fg+XeH3cneztq+C7A==
  dependencies:
    ajv "^8.12.0"
    ajv-formats "^3.0.1"
    fast-uri "^3.0.0"

"@fastify/error@^4.0.0":
  version "4.2.0"
  resolved "https://registry.yarnpkg.com/@fastify/error/-/error-4.2.0.tgz#d40f46ba75f541fdcc4dc276b7308bbc8e8e6d7a"
  integrity sha512-RSo3sVDXfHskiBZKBPRgnQTtIqpi/7zhJOEmAxCiBcM7d0uwdGdxLlsCaLzGs8v8NnxIRlfG0N51p5yFaOentQ==

"@fastify/fast-json-stringify-compiler@^5.0.0":
  version "5.0.3"
  resolved "https://registry.yarnpkg.com/@fastify/fast-json-stringify-compiler/-/fast-json-stringify-compiler-5.0.3.tgz#fae495bf30dbbd029139839ec5c2ea111bde7d3f"
  integrity sha512-uik7yYHkLr6fxd8hJSZ8c+xF4WafPK+XzneQDPU+D10r5X19GW8lJcom2YijX2+qtFF1ENJlHXKFM9ouXNJYgQ==
  dependencies:
    fast-json-stringify "^6.0.0"

"@fastify/forwarded@^3.0.0":
  version "3.0.1"
  resolved "https://registry.yarnpkg.com/@fastify/forwarded/-/forwarded-3.0.1.tgz#9662b7bd4a59f6d123cc3487494f75f635c32d23"
  integrity sha512-JqDochHFqXs3C3Ml3gOY58zM7OqO9ENqPo0UqAjAjH8L01fRZqwX9iLeX34//kiJubF7r2ZQHtBRU36vONbLlw==

"@fastify/merge-json-schemas@^0.2.0":
  version "0.2.1"
  resolved "https://registry.yarnpkg.com/@fastify/merge-json-schemas/-/merge-json-schemas-0.2.1.tgz#3aa30d2f0c81a8ac5995b6d94ed4eaa2c3055824"
  integrity sha512-OA3KGBCy6KtIvLf8DINC5880o5iBlDX4SxzLQS8HorJAbqluzLRn80UXU0bxZn7UOFhFgpRJDasfwn9nG4FG4A==
  dependencies:
    dequal "^2.0.3"

"@fastify/proxy-addr@^5.0.0":
  version "5.1.0"
  resolved "https://registry.yarnpkg.com/@fastify/proxy-addr/-/proxy-addr-5.1.0.tgz#f5360b5dd83c7de3d41b415be4aab84ae44aa106"
  integrity sha512-INS+6gh91cLUjB+PVHfu1UqcB76Sqtpyp7bnL+FYojhjygvOPA9ctiD/JDKsyD9Xgu4hUhCSJBPig/w7duNajw==
  dependencies:
    "@fastify/forwarded" "^3.0.0"
    ipaddr.js "^2.1.0"

"@hapi/boom@^9.1.3":
  version "9.1.4"
  resolved "https://registry.npmjs.org/@hapi/boom/-/boom-9.1.4.tgz"
  integrity sha512-Ls1oH8jaN1vNsqcaHVYJrKmgMcKsC1wcp8bujvXrHaAqD2iDYq3HoOwsxwo09Cuda5R5nC0o0IxlrlTuvPuzSw==
  dependencies:
    "@hapi/hoek" "9.x.x"

"@hapi/hoek@9.x.x":
  version "9.3.0"
  resolved "https://registry.npmjs.org/@hapi/hoek/-/hoek-9.3.0.tgz"
  integrity sha512-/c6rf4UJlmHlC9b5BaNvzAcFv7HZ2QHaV0D4/HNlBdvFnvQq8RI4kYdhyPCl7Xj+oWvTWQ8ujhqS53LIgAe6KQ==

"@keyv/bigmap@^1.3.1":
  version "1.3.1"
  resolved "https://registry.npmjs.org/@keyv/bigmap/-/bigmap-1.3.1.tgz"
  integrity sha512-WbzE9sdmQtKy8vrNPa9BRnwZh5UF4s1KTmSK0KUVLo3eff5BlQNNWDnFOouNpKfPKDnms9xynJjsMYjMaT/aFQ==
  dependencies:
    hashery "^1.4.0"
    hookified "^1.15.0"

"@keyv/serialize@^1.1.1":
  version "1.1.1"
  resolved "https://registry.npmjs.org/@keyv/serialize/-/serialize-1.1.1.tgz"
  integrity sha512-dXn3FZhPv0US+7dtJsIi2R+c7qWYiReoEh5zUntWCf4oSpMNib8FDhSoed6m3QyZdx5hK7iLFkYk3rNxwt8vTA==

"@pinojs/redact@^0.4.0":
  version "0.4.0"
  resolved "https://registry.npmjs.org/@pinojs/redact/-/redact-0.4.0.tgz"
  integrity sha512-k2ENnmBugE/rzQfEcdWHcCY+/FM3VLzH9cYEsbdsoqrvzAKRhUZeRNhAZvB8OitQJ1TBed3yqWtdjzS6wJKBwg==

"@protobufjs/aspromise@^1.1.1", "@protobufjs/aspromise@^1.1.2":
  version "1.1.2"
  resolved "https://registry.npmjs.org/@protobufjs/aspromise/-/aspromise-1.1.2.tgz"
  integrity sha512-j+gKExEuLmKwvz3OgROXtrJ2UG2x8Ch2YZUxahh+s1F2HZ+wAceUNLkvy6zKCPVRkU++ZWQrdxsUeQXmcg4uoQ==

"@protobufjs/base64@^1.1.2":
  version "1.1.2"
  resolved "https://registry.npmjs.org/@protobufjs/base64/-/base64-1.1.2.tgz"
  integrity sha512-AZkcAA5vnN/v4PDqKyMR5lx7hZttPDgClv83E//FMNhR2TMcLUhfRUBHCmSl0oi9zMgDDqRUJkSxO3wm85+XLg==

"@protobufjs/codegen@^2.0.4", "@protobufjs/codegen@^2.0.5":
  version "2.0.5"
  resolved "https://registry.npmjs.org/@protobufjs/codegen/-/codegen-2.0.5.tgz"
  integrity sha512-zgXFLzW3Ap33e6d0Wlj4MGIm6Ce8O89n/apUaGNB/jx+hw+ruWEp7EwGUshdLKVRCxZW12fp9r40E1mQrf/34g==

"@protobufjs/eventemitter@^1.1.0":
  version "1.1.0"
  resolved "https://registry.npmjs.org/@protobufjs/eventemitter/-/eventemitter-1.1.0.tgz"
  integrity sha512-j9ednRT81vYJ9OfVuXG6ERSTdEL1xVsNgqpkxMsbIabzSo3goCjDIveeGv5d03om39ML71RdmrGNjG5SReBP/Q==

"@protobufjs/fetch@^1.1.0":
  version "1.1.0"
  resolved "https://registry.npmjs.org/@protobufjs/fetch/-/fetch-1.1.0.tgz"
  integrity sha512-lljVXpqXebpsijW71PZaCYeIcE5on1w5DlQy5WH6GLbFryLUrBD4932W/E2BSpfRJWseIL4v/KPgBFxDOIdKpQ==
  dependencies:
    "@protobufjs/aspromise" "^1.1.1"
    "@protobufjs/inquire" "^1.1.0"

"@protobufjs/float@^1.0.2":
  version "1.0.2"
  resolved "https://registry.npmjs.org/@protobufjs/float/-/float-1.0.2.tgz"
  integrity sha512-Ddb+kVXlXst9d+R9PfTIxh1EdNkgoRe5tOX6t01f1lYWOvJnSPDBlG241QLzcyPdoNTsblLUdujGSE4RzrTZGQ==

"@protobufjs/inquire@^1.1.0", "@protobufjs/inquire@^1.1.1":
  version "1.1.1"
  resolved "https://registry.npmjs.org/@protobufjs/inquire/-/inquire-1.1.1.tgz"
  integrity sha512-mnzgDV26ueAvk7rsbt9L7bE0SuAoqyuys/sMMrmVcN5x9VsxpcG3rqAUSgDyLp0UZlmNfIbQ4fHfCtreVBk8Ew==

"@protobufjs/path@^1.1.2":
  version "1.1.2"
  resolved "https://registry.npmjs.org/@protobufjs/path/-/path-1.1.2.tgz"
  integrity sha512-6JOcJ5Tm08dOHAbdR3GrvP+yUUfkjG5ePsHYczMFLq3ZmMkAD98cDgcT2iA1lJ9NVwFd4tH/iSSoe44YWkltEA==

"@protobufjs/pool@^1.1.0":
  version "1.1.0"
  resolved "https://registry.npmjs.org/@protobufjs/pool/-/pool-1.1.0.tgz"
  integrity sha512-0kELaGSIDBKvcgS4zkjz1PeddatrjYcmMWOlAuAPwAeccUrPHdUqo/J6LiymHHEiJT5NrF1UVwxY14f+fy4WQw==

"@protobufjs/utf8@^1.1.0", "@protobufjs/utf8@^1.1.1":
  version "1.1.1"
  resolved "https://registry.npmjs.org/@protobufjs/utf8/-/utf8-1.1.1.tgz"
  integrity sha512-oOAWABowe8EAbMyWKM0tYDKi8Yaox52D+HWZhAIJqQXbqe0xI/GV7FhLWqlEKreMkfDjshR5FKgi3mnle0h6Eg==

"@tokenizer/inflate@^0.4.1":
  version "0.4.1"
  resolved "https://registry.npmjs.org/@tokenizer/inflate/-/inflate-0.4.1.tgz"
  integrity sha512-2mAv+8pkG6GIZiF1kNg1jAjh27IDxEPKwdGul3snfztFerfPGI1LjDezZp3i7BElXompqEtPmoPx6c2wgtWsOA==
  dependencies:
    debug "^4.4.3"
    token-types "^6.1.1"

"@tokenizer/token@^0.3.0":
  version "0.3.0"
  resolved "https://registry.npmjs.org/@tokenizer/token/-/token-0.3.0.tgz"
  integrity sha512-OvjF+z51L3ov0OyAU0duzsYuvO01PH7x4t6DJx+guahgTnBHkhJdG7soQeTSFLWN3efnHyibZ4Z8l2EuWwJN3A==

"@types/long@^4.0.0":
  version "4.0.2"
  resolved "https://registry.npmjs.org/@types/long/-/long-4.0.2.tgz"
  integrity sha512-MqTGEo5bj5t157U6fA/BiDynNkn0YknVdh48CMPkTSpFTVmvao5UQmm7uEF6xBEo7qIMAlY/JSleYaE6VOdpaA==

"@types/node@*", "@types/node@>=13.7.0":
  version "25.6.0"
  resolved "https://registry.npmjs.org/@types/node/-/node-25.6.0.tgz"
  integrity sha512-+qIYRKdNYJwY3vRCZMdJbPLJAtGjQBudzZzdzwQYkEPQd+PJGixUL5QfvCLDaULoLv+RhT3LDkwEfKaAkgSmNQ==
  dependencies:
    undici-types "~7.19.0"

"@types/node@^10.1.0":
  version "10.17.60"
  resolved "https://registry.npmjs.org/@types/node/-/node-10.17.60.tgz"
  integrity sha512-F0KIgDJfy2nA3zMLmWGKxcH2ZVEtCZXHHdOQs2gSaQ27+lNeEfGxzkIw90aXswATX7AZ33tahPbzy6KAfUreVw==

"@types/qrcode@^1.5.6":
  version "1.5.6"
  resolved "https://registry.npmjs.org/@types/qrcode/-/qrcode-1.5.6.tgz"
  integrity sha512-te7NQcV2BOvdj2b1hCAHzAoMNuj65kNBMz0KBaxM6c3VGBOhU0dURQKOtH8CFNI/dsKkwlv32p26qYQTWoB5bw==
  dependencies:
    "@types/node" "*"

"@whiskeysockets/baileys@^7.0.0-rc10":
  version "7.0.0-rc10"
  resolved "https://registry.npmjs.org/@whiskeysockets/baileys/-/baileys-7.0.0-rc10.tgz"
  integrity sha512-tVHZRIE06HlQajHcLEsCa+gnH5z+dAXPjwHsGXDNY9/Y0iqbymQzHLvh4tMH/pi/ea/D617qCQhNkDT2B0tufg==
  dependencies:
    "@cacheable/node-cache" "^1.4.0"
    "@hapi/boom" "^9.1.3"
    async-mutex "^0.5.0"
    libsignal "git+https://github.com/whiskeysockets/libsignal-node"
    lru-cache "^11.1.0"
    music-metadata "^11.12.3"
    p-queue "^9.0.0"
    pino "^9.6"
    protobufjs "^7.5.6"
    whatsapp-rust-bridge "0.5.3"
    ws "^8.13.0"

abstract-logging@^2.0.1:
  version "2.0.1"
  resolved "https://registry.yarnpkg.com/abstract-logging/-/abstract-logging-2.0.1.tgz#6b0c371df212db7129b57d2e7fcf282b8bf1c839"
  integrity sha512-2BjRTZxTPvheOvGbBslFSYOUkr+SjPtOnrLP33f+VIWLzezQpZcqVg7ja3L4dBXmzzgwT+a029jRx5PCi3JuiA==

ajv-formats@^3.0.1:
  version "3.0.1"
  resolved "https://registry.yarnpkg.com/ajv-formats/-/ajv-formats-3.0.1.tgz#3d5dc762bca17679c3c2ea7e90ad6b7532309578"
  integrity sha512-8iUql50EUR+uUcdRQ3HDqa6EVyo3docL8g5WJ3FNcWmu62IbkGUue/pEyLBW8VGKKucTPgqeks4fIU1DA4yowQ==
  dependencies:
    ajv "^8.0.0"

ajv@^8.0.0, ajv@^8.12.0:
  version "8.20.0"
  resolved "https://registry.yarnpkg.com/ajv/-/ajv-8.20.0.tgz#304b3636add88ba7d936760dd50ece006dea95f9"
  integrity sha512-Thbli+OlOj+iMPYFBVBfJ3OmCAnaSyNn4M1vz9T6Gka5Jt9ba/HIR56joy65tY6kx/FCF5VXNB819Y7/GUrBGA==
  dependencies:
    fast-deep-equal "^3.1.3"
    fast-uri "^3.0.1"
    json-schema-traverse "^1.0.0"
    require-from-string "^2.0.2"

ansi-regex@^5.0.1:
  version "5.0.1"
  resolved "https://registry.npmjs.org/ansi-regex/-/ansi-regex-5.0.1.tgz"
  integrity sha512-quJQXlTSUGL2LH9SUXo8VwsY4soanhgo6LNSm84E1LBcE8s3O0wpdiRzyR9z/ZZJMlMWv37qOOb9pdJlMUEKFQ==

ansi-styles@^4.0.0:
  version "4.3.0"
  resolved "https://registry.npmjs.org/ansi-styles/-/ansi-styles-4.3.0.tgz"
  integrity sha512-zbB9rCJAT1rbjiVDb2hqKFHNYLxgtk8NURxZ3IZwD3F6NtxbXZQCnnSi1Lkx+IDohdPlFp222wVALIheZJQSEg==
  dependencies:
    color-convert "^2.0.1"

async-mutex@^0.5.0:
  version "0.5.0"
  resolved "https://registry.npmjs.org/async-mutex/-/async-mutex-0.5.0.tgz"
  integrity sha512-1A94B18jkJ3DYq284ohPxoXbfTA5HsQ7/Mf4DEhcyLx3Bz27Rh59iScbB6EPiP+B+joue6YCxcMXSbFC1tZKwA==
  dependencies:
    tslib "^2.4.0"

atomic-sleep@^1.0.0:
  version "1.0.0"
  resolved "https://registry.npmjs.org/atomic-sleep/-/atomic-sleep-1.0.0.tgz"
  integrity sha512-kNOjDqAh7px0XWNI+4QbzoiR/nTkHAWNud2uvnJquD1/x5a7EQZMJT0AczqK0Qn67oY/TTQ1LbUKajZpp3I9tQ==

avvio@^9.0.0:
  version "9.2.0"
  resolved "https://registry.yarnpkg.com/avvio/-/avvio-9.2.0.tgz#16bb653c022237d1aeb984b00d3cbe2d96b77c20"
  integrity sha512-2t/sy01ArdHHE0vRH5Hsay+RtCZt3dLPji7W7/MMOCEgze5b7SNDC4j5H6FnVgPkI1MTNFGzHdHrVXDDl7QSSQ==
  dependencies:
    "@fastify/error" "^4.0.0"
    fastq "^1.17.1"

boolbase@^1.0.0:
  version "1.0.0"
  resolved "https://registry.yarnpkg.com/boolbase/-/boolbase-1.0.0.tgz#68dff5fbe60c51eb37725ea9e3ed310dcc1e776e"
  integrity sha512-JZOSA7Mo9sNGB8+UjSgzdLtokWAky1zbztM3WRLCbZ70/3cTANmQmOdR7y2g+J0e2WXywy1yS468tY+IruqEww==

cacheable@^2.3.1:
  version "2.3.4"
  resolved "https://registry.npmjs.org/cacheable/-/cacheable-2.3.4.tgz"
  integrity sha512-djgxybDbw9fL/ZWMI3+CE8ZilNxcwFkVtDc1gJ+IlOSSWkSMPQabhV/XCHTQ6pwwN6aivXPZ43omTooZiX06Ew==
  dependencies:
    "@cacheable/memory" "^2.0.8"
    "@cacheable/utils" "^2.4.0"
    hookified "^1.15.0"
    keyv "^5.6.0"
    qified "^0.9.0"

camelcase@^5.0.0:
  version "5.3.1"
  resolved "https://registry.npmjs.org/camelcase/-/camelcase-5.3.1.tgz"
  integrity sha512-L28STB170nwWS63UjtlEOE3dldQApaJXZkOI1uMFfzf3rRuPegHaHesyee+YxQ+W6SvRDQV6UrdOdRiR153wJg==

cheerio-select@^2.1.0:
  version "2.1.0"
  resolved "https://registry.yarnpkg.com/cheerio-select/-/cheerio-select-2.1.0.tgz#4d8673286b8126ca2a8e42740d5e3c4884ae21b4"
  integrity sha512-9v9kG0LvzrlcungtnJtpGNxY+fzECQKhK4EGJX2vByejiMX84MFNQw4UxPJl3bFbTMw+Dfs37XaIkCwTZfLh4g==
  dependencies:
    boolbase "^1.0.0"
    css-select "^5.1.0"
    css-what "^6.1.0"
    domelementtype "^2.3.0"
    domhandler "^5.0.3"
    domutils "^3.0.1"

cheerio@1.0.0-rc.11:
  version "1.0.0-rc.11"
  resolved "https://registry.yarnpkg.com/cheerio/-/cheerio-1.0.0-rc.11.tgz#1be84be1a126958366bcc57a11648cd9b30a60c2"
  integrity sha512-bQwNaDIBKID5ts/DsdhxrjqFXYfLw4ste+wMKqWA8DyKcS4qwsPP4Bk8ZNaTJjvpiX/qW3BT4sU7d6Bh5i+dag==
  dependencies:
    cheerio-select "^2.1.0"
    dom-serializer "^2.0.0"
    domhandler "^5.0.3"
    domutils "^3.0.1"
    htmlparser2 "^8.0.1"
    parse5 "^7.0.0"
    parse5-htmlparser2-tree-adapter "^7.0.0"
    tslib "^2.4.0"

cliui@^6.0.0:
  version "6.0.0"
  resolved "https://registry.npmjs.org/cliui/-/cliui-6.0.0.tgz"
  integrity sha512-t6wbgtoCXvAzst7QgXxJYqPt0usEfbgQdftEPbLL/cvv6HPE5VgvqCuAIDR0NgU52ds6rFwqrgakNLrHEjCbrQ==
  dependencies:
    string-width "^4.2.0"
    strip-ansi "^6.0.0"
    wrap-ansi "^6.2.0"

clone@2.x:
  version "2.1.2"
  resolved "https://registry.npmjs.org/clone/-/clone-2.1.2.tgz"
  integrity sha512-3Pe/CF1Nn94hyhIYpjtiLhdCoEoz0DqQ+988E9gmeEdQZlojxnOb74wctFyuwWQHzqyf9X7C7MG8juUpqBJT8w==

color-convert@^2.0.1:
  version "2.0.1"
  resolved "https://registry.npmjs.org/color-convert/-/color-convert-2.0.1.tgz"
  integrity sha512-RRECPsj7iu/xb5oKYcsFHSppFNnsj/52OVTRKb4zP5onXwVF3zVmmToNcOfGC+CRDpfK/U584fMg38ZHCaElKQ==
  dependencies:
    color-name "~1.1.4"

color-name@~1.1.4:
  version "1.1.4"
  resolved "https://registry.npmjs.org/color-name/-/color-name-1.1.4.tgz"
  integrity sha512-dOy+3AuW3a2wNbZHIuMZpTcgjGuLU/uBL/ubcZF9OXbDo8ff4O8yVp5Bf0efS8uEoYo5q4Fx7dY9OgQGXgAsQA==

colorette@^2.0.7:
  version "2.0.20"
  resolved "https://registry.npmjs.org/colorette/-/colorette-2.0.20.tgz"
  integrity sha512-IfEDxwoWIjkeXL1eXcDiow4UbKjhLdq6/EuSVR9GMN7KVH3r9gQ83e73hsz1Nd1T3ijd5xv1wcWRYO+D6kCI2w==

content-type@^1.0.5:
  version "1.0.5"
  resolved "https://registry.npmjs.org/content-type/-/content-type-1.0.5.tgz"
  integrity sha512-nTjqfcBFEipKdXCv4YDQWCfmcLZKm81ldF0pAopTvyrFGVbcR6P/VAAd5G7N+0tTr8QqiU0tFadD6FK4NtJwOA==

cookie@^1.0.1:
  version "1.1.1"
  resolved "https://registry.yarnpkg.com/cookie/-/cookie-1.1.1.tgz#3bb9bdfc82369db9c2f69c93c9c3ceb310c88b3c"
  integrity sha512-ei8Aos7ja0weRpFzJnEA9UHJ/7XQmqglbRwnf2ATjcB9Wq874VKH9kfjjirM6UhU2/E5fFYadylyhFldcqSidQ==

css-select@^5.1.0:
  version "5.2.2"
  resolved "https://registry.yarnpkg.com/css-select/-/css-select-5.2.2.tgz#01b6e8d163637bb2dd6c982ca4ed65863682786e"
  integrity sha512-TizTzUddG/xYLA3NXodFM0fSbNizXjOKhqiQQwvhlspadZokn1KDy0NZFS0wuEubIYAV5/c1/lAr0TaaFXEXzw==
  dependencies:
    boolbase "^1.0.0"
    css-what "^6.1.0"
    domhandler "^5.0.2"
    domutils "^3.0.1"
    nth-check "^2.0.1"

css-what@^6.1.0:
  version "6.2.2"
  resolved "https://registry.yarnpkg.com/css-what/-/css-what-6.2.2.tgz#cdcc8f9b6977719fdfbd1de7aec24abf756b9dea"
  integrity sha512-u/O3vwbptzhMs3L1fQE82ZSLHQQfto5gyZzwteVIEyeaY5Fc7R4dapF/BvRoSYFeqfBk4m0V1Vafq5Pjv25wvA==

curve25519-js@^0.0.4:
  version "0.0.4"
  resolved "https://registry.npmjs.org/curve25519-js/-/curve25519-js-0.0.4.tgz"
  integrity sha512-axn2UMEnkhyDUPWOwVKBMVIzSQy2ejH2xRGy1wq81dqRwApXfIzfbE3hIX0ZRFBIihf/KDqK158DLwESu4AK1w==

dateformat@^4.6.3:
  version "4.6.3"
  resolved "https://registry.npmjs.org/dateformat/-/dateformat-4.6.3.tgz"
  integrity sha512-2P0p0pFGzHS5EMnhdxQi7aJN+iMheud0UhG4dlE1DLAlvL8JHjJJTX/CSm4JXwV0Ka5nGk3zC5mcb5bUQUxxMA==

debug@^4.4.3:
  version "4.4.3"
  resolved "https://registry.npmjs.org/debug/-/debug-4.4.3.tgz"
  integrity sha512-RGwwWnwQvkVfavKVt22FGLw+xYSdzARwm0ru6DhTVA3umU5hZc28V3kO4stgYryrTlLpuvgI9GiijltAjNbcqA==
  dependencies:
    ms "^2.1.3"

decamelize@^1.2.0:
  version "1.2.0"
  resolved "https://registry.npmjs.org/decamelize/-/decamelize-1.2.0.tgz"
  integrity sha512-z2S+W9X73hAUUki+N+9Za2lBlun89zigOyGrsax+KUQ6wKW4ZoWpEYBkGhQjwAjjDCkWxhY0VKEhk8wzY7F5cA==

dequal@^2.0.3:
  version "2.0.3"
  resolved "https://registry.yarnpkg.com/dequal/-/dequal-2.0.3.tgz#2644214f1997d39ed0ee0ece72335490a7ac67be"
  integrity sha512-0je+qPKHEMohvfRTCEo3CrPG6cAzAYgmzKyxRiYSSDkS6eGJdyVJm7WaYA5ECaAD9wLB2T4EEeymA5aFVcYXCA==

dijkstrajs@^1.0.1:
  version "1.0.3"
  resolved "https://registry.npmjs.org/dijkstrajs/-/dijkstrajs-1.0.3.tgz"
  integrity sha512-qiSlmBq9+BCdCA/L46dw8Uy93mloxsPSbwnm5yrKn2vMPiy8KyAskTF6zuV/j5BMsmOGZDPs7KjU+mjb670kfA==

dom-serializer@^2.0.0:
  version "2.0.0"
  resolved "https://registry.yarnpkg.com/dom-serializer/-/dom-serializer-2.0.0.tgz#e41b802e1eedf9f6cae183ce5e622d789d7d8e53"
  integrity sha512-wIkAryiqt/nV5EQKqQpo3SToSOV9J0DnbJqwK7Wv/Trc92zIAYZ4FlMu+JPFW1DfGFt81ZTCGgDEabffXeLyJg==
  dependencies:
    domelementtype "^2.3.0"
    domhandler "^5.0.2"
    entities "^4.2.0"

domelementtype@^2.3.0:
  version "2.3.0"
  resolved "https://registry.yarnpkg.com/domelementtype/-/domelementtype-2.3.0.tgz#5c45e8e869952626331d7aab326d01daf65d589d"
  integrity sha512-OLETBj6w0OsagBwdXnPdN0cnMfF9opN69co+7ZrbfPGrdpPVNBUj02spi6B1N7wChLQiPn4CSH/zJvXw56gmHw==

domhandler@^5.0.2, domhandler@^5.0.3:
  version "5.0.3"
  resolved "https://registry.yarnpkg.com/domhandler/-/domhandler-5.0.3.tgz#cc385f7f751f1d1fc650c21374804254538c7d31"
  integrity sha512-cgwlv/1iFQiFnU96XXgROh8xTeetsnJiDsTc7TYCLFd9+/WNkIqPTxiM/8pSd8VIrhXGTf1Ny1q1hquVqDJB5w==
  dependencies:
    domelementtype "^2.3.0"

domutils@^3.0.1:
  version "3.2.2"
  resolved "https://registry.yarnpkg.com/domutils/-/domutils-3.2.2.tgz#edbfe2b668b0c1d97c24baf0f1062b132221bc78"
  integrity sha512-6kZKyUajlDuqlHKVX1w7gyslj9MPIXzIFiz/rGu35uC1wMi+kMhQwGhl4lt9unC9Vb9INnY9Z3/ZA3+FhASLaw==
  dependencies:
    dom-serializer "^2.0.0"
    domelementtype "^2.3.0"
    domhandler "^5.0.3"

dotenv@^17.4.2:
  version "17.4.2"
  resolved "https://registry.yarnpkg.com/dotenv/-/dotenv-17.4.2.tgz#c07e54a746e11eba021dd9e1047ced5afdc1c034"
  integrity sha512-nI4U3TottKAcAD9LLud4Cb7b2QztQMUEfHbvhTH09bqXTxnSie8WnjPALV/WMCrJZ6UV/qHJ6L03OqO3LcdYZw==

emoji-regex@^8.0.0:
  version "8.0.0"
  resolved "https://registry.npmjs.org/emoji-regex/-/emoji-regex-8.0.0.tgz"
  integrity sha512-MSjYzcWNOA0ewAHpz0MxpYFvwg6yjy1NG3xteoqz644VCo/RPgnr1/GGt+ic3iJTzQ8Eu3TdM14SawnVUmGE6A==

end-of-stream@^1.1.0:
  version "1.4.5"
  resolved "https://registry.npmjs.org/end-of-stream/-/end-of-stream-1.4.5.tgz"
  integrity sha512-ooEGc6HP26xXq/N+GCGOT0JKCLDGrq2bQUZrQ7gyrJiZANJ/8YDTxTpQBXGMn+WbIQXNVpyWymm7KYVICQnyOg==
  dependencies:
    once "^1.4.0"

entities@^4.2.0, entities@^4.4.0:
  version "4.5.0"
  resolved "https://registry.yarnpkg.com/entities/-/entities-4.5.0.tgz#5d268ea5e7113ec74c4d033b79ea5a35a488fb48"
  integrity sha512-V0hjH4dGPh9Ao5p0MoRY6BVqtwCjhz6vI5LT8AJ55H+4g9/4vbHx1I54fS0XuclLhDHArPQCiMjDxjaL8fPxhw==

entities@^6.0.0:
  version "6.0.1"
  resolved "https://registry.yarnpkg.com/entities/-/entities-6.0.1.tgz#c28c34a43379ca7f61d074130b2f5f7020a30694"
  integrity sha512-aN97NXWF6AWBTahfVOIrB/NShkzi5H7F9r1s9mD3cDj4Ko5f2qhhVoYMibXF7GlLveb/D2ioWay8lxI97Ven3g==

eventemitter3@^5.0.4:
  version "5.0.4"
  resolved "https://registry.npmjs.org/eventemitter3/-/eventemitter3-5.0.4.tgz"
  integrity sha512-mlsTRyGaPBjPedk6Bvw+aqbsXDtoAyAzm5MO7JgU+yVRyMQ5O8bD4Kcci7BS85f93veegeCPkL8R4GLClnjLFw==

fast-copy@^4.0.0:
  version "4.0.3"
  resolved "https://registry.npmjs.org/fast-copy/-/fast-copy-4.0.3.tgz"
  integrity sha512-58apWr0GUiDFM8+3afrO6eYwJBn9ZAhDOzG3L+/9llab/haCARS2UIfffmOurYLwbgDRs8n0rfr6qAAPEAuAQw==

fast-decode-uri-component@^1.0.1:
  version "1.0.1"
  resolved "https://registry.yarnpkg.com/fast-decode-uri-component/-/fast-decode-uri-component-1.0.1.tgz#46f8b6c22b30ff7a81357d4f59abfae938202543"
  integrity sha512-WKgKWg5eUxvRZGwW8FvfbaH7AXSh2cL+3j5fMGzUMCxWBJ3dV3a7Wz8y2f/uQ0e3B6WmodD3oS54jTQ9HVTIIg==

fast-deep-equal@^3.1.3:
  version "3.1.3"
  resolved "https://registry.yarnpkg.com/fast-deep-equal/-/fast-deep-equal-3.1.3.tgz#3a7d56b559d6cbc3eb512325244e619a65c6c525"
  integrity sha512-f3qQ9oQy9j2AhBe/H9VC91wLmKBCCU/gDOnKNAYG5hswO7BLKj09Hc5HYNz9cGI++xlpDCIgDaitVs03ATR84Q==

fast-json-stringify@^6.0.0:
  version "6.4.0"
  resolved "https://registry.yarnpkg.com/fast-json-stringify/-/fast-json-stringify-6.4.0.tgz#7704cbde7e7c21fbb7579e9e6c484f6a838b83e2"
  integrity sha512-ibRCQ0GZKJIQ+P3Et1h0LhPgp3PMTYk0MH8O+kW3lNYsvmaQww5Nn3f1jf73Q0jR1Yz3a1CDP4/NZD3vOajWJQ==
  dependencies:
    "@fastify/merge-json-schemas" "^0.2.0"
    ajv "^8.12.0"
    ajv-formats "^3.0.1"
    fast-uri "^3.0.0"
    json-schema-ref-resolver "^3.0.0"
    rfdc "^1.2.0"

fast-querystring@^1.0.0:
  version "1.1.2"
  resolved "https://registry.yarnpkg.com/fast-querystring/-/fast-querystring-1.1.2.tgz#a6d24937b4fc6f791b4ee31dcb6f53aeafb89f53"
  integrity sha512-g6KuKWmFXc0fID8WWH0jit4g0AGBoJhCkJMb1RmbsSEUNvQ+ZC8D6CUZ+GtF8nMzSPXnhiePyyqqipzNNEnHjg==
  dependencies:
    fast-decode-uri-component "^1.0.1"

fast-safe-stringify@^2.1.1:
  version "2.1.1"
  resolved "https://registry.npmjs.org/fast-safe-stringify/-/fast-safe-stringify-2.1.1.tgz"
  integrity sha512-W+KJc2dmILlPplD/H4K9l9LcAHAfPtP6BY84uVLXQ6Evcz9Lcg33Y2z1IVblT6xdY54PXYVHEv+0Wpq8Io6zkA==

fast-uri@^3.0.0, fast-uri@^3.0.1:
  version "3.1.2"
  resolved "https://registry.yarnpkg.com/fast-uri/-/fast-uri-3.1.2.tgz#8af3d4fc9d3e71b11572cc2673b514a7d1a8c8ec"
  integrity sha512-rVjf7ArG3LTk+FS6Yw81V1DLuZl1bRbNrev6Tmd/9RaroeeRRJhAt7jg/6YFxbvAQXUCavSoZhPPj6oOx+5KjQ==

fastify@^5.8.5:
  version "5.8.5"
  resolved "https://registry.yarnpkg.com/fastify/-/fastify-5.8.5.tgz#c452224295e0ca550bcd0efc3f7d3e90e9c11955"
  integrity sha512-Yqptv59pQzPgQUSIm87hMqHJmdkb1+GPxdE6vW6FRyVE9G86mt7rOghitiU4JHRaTyDUk9pfeKmDeu70lAwM4Q==
  dependencies:
    "@fastify/ajv-compiler" "^4.0.5"
    "@fastify/error" "^4.0.0"
    "@fastify/fast-json-stringify-compiler" "^5.0.0"
    "@fastify/proxy-addr" "^5.0.0"
    abstract-logging "^2.0.1"
    avvio "^9.0.0"
    fast-json-stringify "^6.0.0"
    find-my-way "^9.0.0"
    light-my-request "^6.0.0"
    pino "^9.14.0 || ^10.1.0"
    process-warning "^5.0.0"
    rfdc "^1.3.1"
    secure-json-parse "^4.0.0"
    semver "^7.6.0"
    toad-cache "^3.7.0"

fastq@^1.17.1:
  version "1.20.1"
  resolved "https://registry.yarnpkg.com/fastq/-/fastq-1.20.1.tgz#ca750a10dc925bc8b18839fd203e3ef4b3ced675"
  integrity sha512-GGToxJ/w1x32s/D2EKND7kTil4n8OVk/9mycTc4VDza13lOvpUZTGX3mFSCtV9ksdGBVzvsyAVLM6mHFThxXxw==
  dependencies:
    reusify "^1.0.4"

file-type@^21.3.1:
  version "21.3.4"
  resolved "https://registry.npmjs.org/file-type/-/file-type-21.3.4.tgz"
  integrity sha512-Ievi/yy8DS3ygGvT47PjSfdFoX+2isQueoYP1cntFW1JLYAuS4GD7NUPGg4zv2iZfV52uDyk5w5Z0TdpRS6Q1g==
  dependencies:
    "@tokenizer/inflate" "^0.4.1"
    strtok3 "^10.3.4"
    token-types "^6.1.1"
    uint8array-extras "^1.4.0"

file-type@^22.0.1:
  version "22.0.1"
  resolved "https://registry.yarnpkg.com/file-type/-/file-type-22.0.1.tgz#0184dbd6b6353bb25eb21a0c413a23885b6d1818"
  integrity sha512-ww5Mhre0EE+jmBvOXTmXAbEMuZE7uX4a3+oRCQFNj8w++g3ev913N6tXQz0XTXbueQ5TWQfm6BdaViEHHn8bhA==
  dependencies:
    "@tokenizer/inflate" "^0.4.1"
    strtok3 "^10.3.5"
    token-types "^6.1.2"
    uint8array-extras "^1.5.0"

find-my-way@^9.0.0:
  version "9.6.0"
  resolved "https://registry.yarnpkg.com/find-my-way/-/find-my-way-9.6.0.tgz#d8e78d98d02ba749c86526edaca780c094073313"
  integrity sha512-Zf4Xve4RymLl7NgaavNebZ01joJ8MfVerOG43wy7SHLO+r+K0C6d/SE0BiR7AV5V1VOCFlOP7ecdo+I4qmiHrQ==
  dependencies:
    fast-deep-equal "^3.1.3"
    fast-querystring "^1.0.0"
    safe-regex2 "^5.0.0"

find-up@^4.1.0:
  version "4.1.0"
  resolved "https://registry.npmjs.org/find-up/-/find-up-4.1.0.tgz"
  integrity sha512-PpOwAdQ/YlXQ2vj8a3h8IipDuYRi3wceVQQGYWxNINccq40Anw7BlsEXCMbt1Zt+OLA6Fq9suIpIWD0OsnISlw==
  dependencies:
    locate-path "^5.0.0"
    path-exists "^4.0.0"

get-caller-file@^2.0.1:
  version "2.0.5"
  resolved "https://registry.npmjs.org/get-caller-file/-/get-caller-file-2.0.5.tgz"
  integrity sha512-DyFP3BM/3YHTQOCUL/w0OZHR0lpKeGrxotcHWcqNEdnltqFwXVfhEBQ94eIo34AfQpo0rGki4cyIiftY06h2Fg==

hashery@^1.4.0, hashery@^1.5.1:
  version "1.5.1"
  resolved "https://registry.npmjs.org/hashery/-/hashery-1.5.1.tgz"
  integrity sha512-iZyKG96/JwPz1N55vj2Ie2vXbhu440zfUfJvSwEqEbeLluk7NnapfGqa7LH0mOsnDxTF85Mx8/dyR6HfqcbmbQ==
  dependencies:
    hookified "^1.15.0"

help-me@^5.0.0:
  version "5.0.0"
  resolved "https://registry.npmjs.org/help-me/-/help-me-5.0.0.tgz"
  integrity sha512-7xgomUX6ADmcYzFik0HzAxh/73YlKR9bmFzf51CZwR+b6YtzU2m0u49hQCqV6SvlqIqsaxovfwdvbnsw3b/zpg==

hookified@^1.14.0, hookified@^1.15.0, hookified@^1.15.1:
  version "1.15.1"
  resolved "https://registry.npmjs.org/hookified/-/hookified-1.15.1.tgz"
  integrity sha512-MvG/clsADq1GPM2KGo2nyfaWVyn9naPiXrqIe4jYjXNZQt238kWyOGrsyc/DmRAQ+Re6yeo6yX/yoNCG5KAEVg==

hookified@^2.1.1:
  version "2.2.0"
  resolved "https://registry.npmjs.org/hookified/-/hookified-2.2.0.tgz"
  integrity sha512-p/LgFzRN5FeoD3DLS6bkUapeye6E4SI6yJs6KetENd18S+FBthqYq2amJUWpt5z0EQwwHemidjY5OqJGEKm5uA==

htmlparser2@^8.0.1:
  version "8.0.2"
  resolved "https://registry.yarnpkg.com/htmlparser2/-/htmlparser2-8.0.2.tgz#f002151705b383e62433b5cf466f5b716edaec21"
  integrity sha512-GYdjWKDkbRLkZ5geuHs5NY1puJ+PXwP7+fHPRz06Eirsb9ugf6d8kkXav6ADhcODhFFPMIXyxkxSuMf3D6NCFA==
  dependencies:
    domelementtype "^2.3.0"
    domhandler "^5.0.3"
    domutils "^3.0.1"
    entities "^4.4.0"

ieee754@^1.2.1:
  version "1.2.1"
  resolved "https://registry.npmjs.org/ieee754/-/ieee754-1.2.1.tgz"
  integrity sha512-dcyqhDvX1C46lXZcVqCpK+FtMRQVdIMN6/Df5js2zouUsqG7I6sFxitIC+7KYK29KdXOLHdu9zL4sFnoVQnqaA==

ipaddr.js@^2.1.0:
  version "2.4.0"
  resolved "https://registry.yarnpkg.com/ipaddr.js/-/ipaddr.js-2.4.0.tgz#038e9ceaf8219efc5bb76347b7eb787875d5095b"
  integrity sha512-9VGk3HGanVE6JoZXHiCpnGy5X0jYDnN4EA4lntFPj+1vIWlFhIylq2CrrCOJH9EAhc5CYhq18F2Av2tgoAPsYQ==

is-fullwidth-code-point@^3.0.0:
  version "3.0.0"
  resolved "https://registry.npmjs.org/is-fullwidth-code-point/-/is-fullwidth-code-point-3.0.0.tgz"
  integrity sha512-zymm5+u+sCsSWyD9qNaejV3DFvhCKclKdizYaJUuHA83RLjb7nSuGnddCHGv0hk+KY7BMAlsWeK4Ueg6EV6XQg==

joycon@^3.1.1:
  version "3.1.1"
  resolved "https://registry.npmjs.org/joycon/-/joycon-3.1.1.tgz"
  integrity sha512-34wB/Y7MW7bzjKRjUKTa46I2Z7eV62Rkhva+KkopW7Qvv/OSWBqvkSY7vusOPrNuZcUG3tApvdVgNB8POj3SPw==

json-schema-ref-resolver@^3.0.0:
  version "3.0.0"
  resolved "https://registry.yarnpkg.com/json-schema-ref-resolver/-/json-schema-ref-resolver-3.0.0.tgz#28f6a410122cde9238762a5e9296faa38be28708"
  integrity sha512-hOrZIVL5jyYFjzk7+y7n5JDzGlU8rfWDuYyHwGa2WA8/pcmMHezp2xsVwxrebD/Q9t8Nc5DboieySDpCp4WG4A==
  dependencies:
    dequal "^2.0.3"

json-schema-traverse@^1.0.0:
  version "1.0.0"
  resolved "https://registry.yarnpkg.com/json-schema-traverse/-/json-schema-traverse-1.0.0.tgz#ae7bcb3656ab77a73ba5c49bf654f38e6b6860e2"
  integrity sha512-NM8/P9n3XjXhIZn1lLhkFaACTOURQXjWhV4BA/RnOv8xvgqtqpAX9IO4mRQxSx1Rlo4tqzeqb0sOlruaOy3dug==

keyv@^5.5.5, keyv@^5.6.0:
  version "5.6.0"
  resolved "https://registry.npmjs.org/keyv/-/keyv-5.6.0.tgz"
  integrity sha512-CYDD3SOtsHtyXeEORYRx2qBtpDJFjRTGXUtmNEMGyzYOKj1TE3tycdlho7kA1Ufx9OYWZzg52QFBGALTirzDSw==
  dependencies:
    "@keyv/serialize" "^1.1.1"

"libsignal@git+https://github.com/whiskeysockets/libsignal-node":
  version "2.0.1"
  resolved "git+ssh://git@github.com/whiskeysockets/libsignal-node.git#1c30d7d7e76a3b0aa120b04dc6a26f5a12dccf67"
  dependencies:
    curve25519-js "^0.0.4"
    protobufjs "6.8.8"

light-my-request@^6.0.0:
  version "6.6.0"
  resolved "https://registry.yarnpkg.com/light-my-request/-/light-my-request-6.6.0.tgz#c9448772323f65f33720fb5979c7841f14060add"
  integrity sha512-CHYbu8RtboSIoVsHZ6Ye4cj4Aw/yg2oAFimlF7mNvfDV192LR7nDiKtSIfCuLT7KokPSTn/9kfVLm5OGN0A28A==
  dependencies:
    cookie "^1.0.1"
    process-warning "^4.0.0"
    set-cookie-parser "^2.6.0"

link-preview-js@^4.0.1:
  version "4.0.1"
  resolved "https://registry.yarnpkg.com/link-preview-js/-/link-preview-js-4.0.1.tgz#9c6f5b97ceeb230ddeca240673f73cb8ad22b23d"
  integrity sha512-yWsaFbBqtq1dZmbXJocNFGrrOkUhSTJzCqG9TGi3OcZEc+4K6GHgrTGCluou2gjrrFegaHWMNSIrlbiN/gBYcw==
  dependencies:
    cheerio "1.0.0-rc.11"

locate-path@^5.0.0:
  version "5.0.0"
  resolved "https://registry.npmjs.org/locate-path/-/locate-path-5.0.0.tgz"
  integrity sha512-t7hw9pI+WvuwNJXwk5zVHpyhIqzg2qTlklJOf0mVxGSbe3Fp2VieZcduNYjaLDoy6p9uGpQEGWG87WpMKlNq8g==
  dependencies:
    p-locate "^4.1.0"

long@^4.0.0:
  version "4.0.0"
  resolved "https://registry.npmjs.org/long/-/long-4.0.0.tgz"
  integrity sha512-XsP+KhQif4bjX1kbuSiySJFNAehNxgLb6hPRGJ9QsUr8ajHkuXGdrHmFUTUUXhDwVX2R5bY4JNZEwbUiMhV+MA==

long@^5.0.0:
  version "5.3.2"
  resolved "https://registry.npmjs.org/long/-/long-5.3.2.tgz"
  integrity sha512-mNAgZ1GmyNhD7AuqnTG3/VQ26o760+ZYBPKjPvugO8+nLbYfX6TVpJPseBvopbdY+qpZ/lKUnmEc1LeZYS3QAA==

lru-cache@^11.1.0:
  version "11.3.6"
  resolved "https://registry.npmjs.org/lru-cache/-/lru-cache-11.3.6.tgz"
  integrity sha512-Gf/KoL3C/MlI7Bt0PGI9I+TeTC/I6r/csU58N4BSNc4lppLBeKsOdFYkK+dX0ABDUMJNfCHTyPpzwwO21Awd3A==

media-typer@^1.1.0:
  version "1.1.0"
  resolved "https://registry.npmjs.org/media-typer/-/media-typer-1.1.0.tgz"
  integrity sha512-aisnrDP4GNe06UcKFnV5bfMNPBUw4jsLGaWwWfnH3v02GnBuXX2MCVn5RbrWo0j3pczUilYblq7fQ7Nw2t5XKw==

minimist@^1.2.6:
  version "1.2.8"
  resolved "https://registry.npmjs.org/minimist/-/minimist-1.2.8.tgz"
  integrity sha512-2yyAR8qBkN3YuheJanUpWC5U3bb5osDywNB8RzDVlDwDHbocAJveqqj1u8+SVD7jkWT4yvsHCpWqqWqAxb0zCA==

ms@^2.1.3:
  version "2.1.3"
  resolved "https://registry.npmjs.org/ms/-/ms-2.1.3.tgz"
  integrity sha512-6FlzubTLZG3J2a/NVCAleEhjzq5oxgHyaCU9yYXvcLsvoVaHJq/s5xXI6/XXP6tz7R9xAOtHnSO/tXtF3WRTlA==

music-metadata@^11.12.3:
  version "11.12.3"
  resolved "https://registry.npmjs.org/music-metadata/-/music-metadata-11.12.3.tgz"
  integrity sha512-n6hSTZkuD59qWgHh6IP5dtDlDZQXoxk/bcA85Jywg8Z1iFrlNgl2+GTFgjZyn52W5UgQpV42V4XqrQZZAMbZTQ==
  dependencies:
    "@borewit/text-codec" "^0.2.2"
    "@tokenizer/token" "^0.3.0"
    content-type "^1.0.5"
    debug "^4.4.3"
    file-type "^21.3.1"
    media-typer "^1.1.0"
    strtok3 "^10.3.4"
    token-types "^6.1.2"
    uint8array-extras "^1.5.0"
    win-guid "^0.2.1"

node-cache@^5.1.2:
  version "5.1.2"
  resolved "https://registry.npmjs.org/node-cache/-/node-cache-5.1.2.tgz"
  integrity sha512-t1QzWwnk4sjLWaQAS8CHgOJ+RAfmHpxFWmc36IWTiWHQfs0w5JDMBS1b1ZxQteo0vVVuWJvIUKHDkkeK7vIGCg==
  dependencies:
    clone "2.x"

nth-check@^2.0.1:
  version "2.1.1"
  resolved "https://registry.yarnpkg.com/nth-check/-/nth-check-2.1.1.tgz#c9eab428effce36cd6b92c924bdb000ef1f1ed1d"
  integrity sha512-lqjrjmaOoAnWfMmBPL+XNnynZh2+swxiX3WUE0s4yEHI6m+AwrK2UZOimIRl3X/4QctVqS8AiZjFqyOGrMXb/w==
  dependencies:
    boolbase "^1.0.0"

on-exit-leak-free@^2.1.0:
  version "2.1.2"
  resolved "https://registry.npmjs.org/on-exit-leak-free/-/on-exit-leak-free-2.1.2.tgz"
  integrity sha512-0eJJY6hXLGf1udHwfNftBqH+g73EU4B504nZeKpz1sYRKafAghwxEJunB2O7rDZkL4PGfsMVnTXZ2EjibbqcsA==

once@^1.3.1, once@^1.4.0:
  version "1.4.0"
  resolved "https://registry.npmjs.org/once/-/once-1.4.0.tgz"
  integrity sha512-lNaJgI+2Q5URQBkccEKHTQOPaXdUxnZZElQTZY0MFUAuaEqe1E+Nyvgdz/aIyNi6Z9MzO5dv1H8n58/GELp3+w==
  dependencies:
    wrappy "1"

p-limit@^2.2.0:
  version "2.3.0"
  resolved "https://registry.npmjs.org/p-limit/-/p-limit-2.3.0.tgz"
  integrity sha512-//88mFWSJx8lxCzwdAABTJL2MyWB12+eIY7MDL2SqLmAkeKU9qxRvWuSyTjm3FUmpBEMuFfckAIqEaVGUDxb6w==
  dependencies:
    p-try "^2.0.0"

p-locate@^4.1.0:
  version "4.1.0"
  resolved "https://registry.npmjs.org/p-locate/-/p-locate-4.1.0.tgz"
  integrity sha512-R79ZZ/0wAxKGu3oYMlz8jy/kbhsNrS7SKZ7PxEHBgJ5+F2mtFW2fK2cOtBh1cHYkQsbzFV7I+EoRKe6Yt0oK7A==
  dependencies:
    p-limit "^2.2.0"

p-queue@^9.0.0:
  version "9.2.0"
  resolved "https://registry.npmjs.org/p-queue/-/p-queue-9.2.0.tgz"
  integrity sha512-dWgLE8AH0HjQ9fe74pUkKkvzzYT18Inp4zra3lKHnnwqGvcfcUBrvF2EAVX+envufDNBOzpPq/IBUONDbI7+3g==
  dependencies:
    eventemitter3 "^5.0.4"
    p-timeout "^7.0.0"

p-timeout@^7.0.0:
  version "7.0.1"
  resolved "https://registry.npmjs.org/p-timeout/-/p-timeout-7.0.1.tgz"
  integrity sha512-AxTM2wDGORHGEkPCt8yqxOTMgpfbEHqF51f/5fJCmwFC3C/zNcGT63SymH2ttOAaiIws2zVg4+izQCjrakcwHg==

p-try@^2.0.0:
  version "2.2.0"
  resolved "https://registry.npmjs.org/p-try/-/p-try-2.2.0.tgz"
  integrity sha512-R4nPAVTAU0B9D35/Gk3uJf/7XYbQcyohSKdvAxIRSNghFl4e71hVoGnBNQz9cWaXxO2I10KTC+3jMdvvoKw6dQ==

parse5-htmlparser2-tree-adapter@^7.0.0:
  version "7.1.0"
  resolved "https://registry.yarnpkg.com/parse5-htmlparser2-tree-adapter/-/parse5-htmlparser2-tree-adapter-7.1.0.tgz#b5a806548ed893a43e24ccb42fbb78069311e81b"
  integrity sha512-ruw5xyKs6lrpo9x9rCZqZZnIUntICjQAd0Wsmp396Ul9lN/h+ifgVV1x1gZHi8euej6wTfpqX8j+BFQxF0NS/g==
  dependencies:
    domhandler "^5.0.3"
    parse5 "^7.0.0"

parse5@^7.0.0:
  version "7.3.0"
  resolved "https://registry.yarnpkg.com/parse5/-/parse5-7.3.0.tgz#d7e224fa72399c7a175099f45fc2ad024b05ec05"
  integrity sha512-IInvU7fabl34qmi9gY8XOVxhYyMyuH2xUNpb2q8/Y+7552KlejkRvqvD19nMoUW/uQGGbqNpA6Tufu5FL5BZgw==
  dependencies:
    entities "^6.0.0"

path-exists@^4.0.0:
  version "4.0.0"
  resolved "https://registry.npmjs.org/path-exists/-/path-exists-4.0.0.tgz"
  integrity sha512-ak9Qy5Q7jYb2Wwcey5Fpvg2KoAc/ZIhLSLOSBmRmygPsGwkVVt0fZa0qrtMz+m6tJTAHfZQ8FnmB4MG4LWy7/w==

pino-abstract-transport@^2.0.0:
  version "2.0.0"
  resolved "https://registry.npmjs.org/pino-abstract-transport/-/pino-abstract-transport-2.0.0.tgz"
  integrity sha512-F63x5tizV6WCh4R6RHyi2Ml+M70DNRXt/+HANowMflpgGFMAym/VKm6G7ZOQRjqN7XbGxK1Lg9t6ZrtzOaivMw==
  dependencies:
    split2 "^4.0.0"

pino-abstract-transport@^3.0.0:
  version "3.0.0"
  resolved "https://registry.npmjs.org/pino-abstract-transport/-/pino-abstract-transport-3.0.0.tgz"
  integrity sha512-wlfUczU+n7Hy/Ha5j9a/gZNy7We5+cXp8YL+X+PG8S0KXxw7n/JXA3c46Y0zQznIJ83URJiwy7Lh56WLokNuxg==
  dependencies:
    split2 "^4.0.0"

pino-pretty@^13.1.3:
  version "13.1.3"
  resolved "https://registry.npmjs.org/pino-pretty/-/pino-pretty-13.1.3.tgz"
  integrity sha512-ttXRkkOz6WWC95KeY9+xxWL6AtImwbyMHrL1mSwqwW9u+vLp/WIElvHvCSDg0xO/Dzrggz1zv3rN5ovTRVowKg==
  dependencies:
    colorette "^2.0.7"
    dateformat "^4.6.3"
    fast-copy "^4.0.0"
    fast-safe-stringify "^2.1.1"
    help-me "^5.0.0"
    joycon "^3.1.1"
    minimist "^1.2.6"
    on-exit-leak-free "^2.1.0"
    pino-abstract-transport "^3.0.0"
    pump "^3.0.0"
    secure-json-parse "^4.0.0"
    sonic-boom "^4.0.1"
    strip-json-comments "^5.0.2"

pino-std-serializers@^7.0.0:
  version "7.1.0"
  resolved "https://registry.npmjs.org/pino-std-serializers/-/pino-std-serializers-7.1.0.tgz"
  integrity sha512-BndPH67/JxGExRgiX1dX0w1FvZck5Wa4aal9198SrRhZjH3GxKQUKIBnYJTdj2HDN3UQAS06HlfcSbQj2OHmaw==

pino@^10.3.1, "pino@^9.14.0 || ^10.1.0":
  version "10.3.1"
  resolved "https://registry.npmjs.org/pino/-/pino-10.3.1.tgz"
  integrity sha512-r34yH/GlQpKZbU1BvFFqOjhISRo1MNx1tWYsYvmj6KIRHSPMT2+yHOEb1SG6NMvRoHRF0a07kCOox/9yakl1vg==
  dependencies:
    "@pinojs/redact" "^0.4.0"
    atomic-sleep "^1.0.0"
    on-exit-leak-free "^2.1.0"
    pino-abstract-transport "^3.0.0"
    pino-std-serializers "^7.0.0"
    process-warning "^5.0.0"
    quick-format-unescaped "^4.0.3"
    real-require "^0.2.0"
    safe-stable-stringify "^2.3.1"
    sonic-boom "^4.0.1"
    thread-stream "^4.0.0"

pino@^9.6:
  version "9.14.0"
  resolved "https://registry.npmjs.org/pino/-/pino-9.14.0.tgz"
  integrity sha512-8OEwKp5juEvb/MjpIc4hjqfgCNysrS94RIOMXYvpYCdm/jglrKEiAYmiumbmGhCvs+IcInsphYDFwqrjr7398w==
  dependencies:
    "@pinojs/redact" "^0.4.0"
    atomic-sleep "^1.0.0"
    on-exit-leak-free "^2.1.0"
    pino-abstract-transport "^2.0.0"
    pino-std-serializers "^7.0.0"
    process-warning "^5.0.0"
    quick-format-unescaped "^4.0.3"
    real-require "^0.2.0"
    safe-stable-stringify "^2.3.1"
    sonic-boom "^4.0.1"
    thread-stream "^3.0.0"

pngjs@^5.0.0:
  version "5.0.0"
  resolved "https://registry.npmjs.org/pngjs/-/pngjs-5.0.0.tgz"
  integrity sha512-40QW5YalBNfQo5yRYmiw7Yz6TKKVr3h6970B2YE+3fQpsWcrbj1PzJgxeJ19DRQjhMbKPIuMY8rFaXc8moolVw==

process-warning@^4.0.0:
  version "4.0.1"
  resolved "https://registry.yarnpkg.com/process-warning/-/process-warning-4.0.1.tgz#5c1db66007c67c756e4e09eb170cdece15da32fb"
  integrity sha512-3c2LzQ3rY9d0hc1emcsHhfT9Jwz0cChib/QN89oME2R451w5fy3f0afAhERFZAwrbDU43wk12d0ORBpDVME50Q==

process-warning@^5.0.0:
  version "5.0.0"
  resolved "https://registry.npmjs.org/process-warning/-/process-warning-5.0.0.tgz"
  integrity sha512-a39t9ApHNx2L4+HBnQKqxxHNs1r7KF+Intd8Q/g1bUh6q0WIp9voPXJ/x0j+ZL45KF1pJd9+q2jLIRMfvEshkA==

protobufjs@6.8.8:
  version "6.8.8"
  resolved "https://registry.npmjs.org/protobufjs/-/protobufjs-6.8.8.tgz"
  integrity sha512-AAmHtD5pXgZfi7GMpllpO3q1Xw1OYldr+dMUlAnffGTAhqkg72WdmSY71uKBF/JuyiKs8psYbtKrhi0ASCD8qw==
  dependencies:
    "@protobufjs/aspromise" "^1.1.2"
    "@protobufjs/base64" "^1.1.2"
    "@protobufjs/codegen" "^2.0.4"
    "@protobufjs/eventemitter" "^1.1.0"
    "@protobufjs/fetch" "^1.1.0"
    "@protobufjs/float" "^1.0.2"
    "@protobufjs/inquire" "^1.1.0"
    "@protobufjs/path" "^1.1.2"
    "@protobufjs/pool" "^1.1.0"
    "@protobufjs/utf8" "^1.1.0"
    "@types/long" "^4.0.0"
    "@types/node" "^10.1.0"
    long "^4.0.0"

protobufjs@^7.5.6:
  version "7.5.6"
  resolved "https://registry.npmjs.org/protobufjs/-/protobufjs-7.5.6.tgz"
  integrity sha512-M71sTMB146U3u0di3yup8iM+zv8yPRNQVr1KK4tyBitl3qFvEGucq/rGDRShD2rsJhtN02RJaJ7j5X5hmy8SJg==
  dependencies:
    "@protobufjs/aspromise" "^1.1.2"
    "@protobufjs/base64" "^1.1.2"
    "@protobufjs/codegen" "^2.0.5"
    "@protobufjs/eventemitter" "^1.1.0"
    "@protobufjs/fetch" "^1.1.0"
    "@protobufjs/float" "^1.0.2"
    "@protobufjs/inquire" "^1.1.1"
    "@protobufjs/path" "^1.1.2"
    "@protobufjs/pool" "^1.1.0"
    "@protobufjs/utf8" "^1.1.1"
    "@types/node" ">=13.7.0"
    long "^5.0.0"

pump@^3.0.0:
  version "3.0.4"
  resolved "https://registry.npmjs.org/pump/-/pump-3.0.4.tgz"
  integrity sha512-VS7sjc6KR7e1ukRFhQSY5LM2uBWAUPiOPa/A3mkKmiMwSmRFUITt0xuj+/lesgnCv+dPIEYlkzrcyXgquIHMcA==
  dependencies:
    end-of-stream "^1.1.0"
    once "^1.3.1"

qified@^0.9.0:
  version "0.9.1"
  resolved "https://registry.npmjs.org/qified/-/qified-0.9.1.tgz"
  integrity sha512-n7mar4T0xQ+39dE2vGTAlbxUEpndwPANH0kDef1/MYsB8Bba9wshkybIRx74qgcvKQPEWErf9AqAdYjhzY2Ilg==
  dependencies:
    hookified "^2.1.1"

qrcode@^1.5.4:
  version "1.5.4"
  resolved "https://registry.npmjs.org/qrcode/-/qrcode-1.5.4.tgz"
  integrity sha512-1ca71Zgiu6ORjHqFBDpnSMTR2ReToX4l1Au1VFLyVeBTFavzQnv5JxMFr3ukHVKpSrSA2MCk0lNJSykjUfz7Zg==
  dependencies:
    dijkstrajs "^1.0.1"
    pngjs "^5.0.0"
    yargs "^15.3.1"

quick-format-unescaped@^4.0.3:
  version "4.0.4"
  resolved "https://registry.npmjs.org/quick-format-unescaped/-/quick-format-unescaped-4.0.4.tgz"
  integrity sha512-tYC1Q1hgyRuHgloV/YXs2w15unPVh8qfu/qCTfhTYamaw7fyhumKa2yGpdSo87vY32rIclj+4fWYQXUMs9EHvg==

real-require@^0.2.0:
  version "0.2.0"
  resolved "https://registry.npmjs.org/real-require/-/real-require-0.2.0.tgz"
  integrity sha512-57frrGM/OCTLqLOAh0mhVA9VBMHd+9U7Zb2THMGdBUoZVOtGbJzjxsYGDJ3A9AYYCP4hn6y1TVbaOfzWtm5GFg==

require-directory@^2.1.1:
  version "2.1.1"
  resolved "https://registry.npmjs.org/require-directory/-/require-directory-2.1.1.tgz"
  integrity sha512-fGxEI7+wsG9xrvdjsrlmL22OMTTiHRwAMroiEeMgq8gzoLC/PQr7RsRDSTLUg/bZAZtF+TVIkHc6/4RIKrui+Q==

require-from-string@^2.0.2:
  version "2.0.2"
  resolved "https://registry.yarnpkg.com/require-from-string/-/require-from-string-2.0.2.tgz#89a7fdd938261267318eafe14f9c32e598c36909"
  integrity sha512-Xf0nWe6RseziFMu+Ap9biiUbmplq6S9/p+7w7YXP/JBHhrUDDUhwa+vANyubuqfZWTveU//DYVGsDG7RKL/vEw==

require-main-filename@^2.0.0:
  version "2.0.0"
  resolved "https://registry.npmjs.org/require-main-filename/-/require-main-filename-2.0.0.tgz"
  integrity sha512-NKN5kMDylKuldxYLSUfrbo5Tuzh4hd+2E8NPPX02mZtn1VuREQToYe/ZdlJy+J3uCpfaiGF05e7B8W0iXbQHmg==

ret@~0.5.0:
  version "0.5.0"
  resolved "https://registry.yarnpkg.com/ret/-/ret-0.5.0.tgz#30a4d38a7e704bd96dc5ffcbe7ce2a9274c41c95"
  integrity sha512-I1XxrZSQ+oErkRR4jYbAyEEu2I0avBvvMM5JN+6EBprOGRCs63ENqZ3vjavq8fBw2+62G5LF5XelKwuJpcvcxw==

reusify@^1.0.4:
  version "1.1.0"
  resolved "https://registry.yarnpkg.com/reusify/-/reusify-1.1.0.tgz#0fe13b9522e1473f51b558ee796e08f11f9b489f"
  integrity sha512-g6QUff04oZpHs0eG5p83rFLhHeV00ug/Yf9nZM6fLeUrPguBTkTQOdpAWWspMh55TZfVQDPaN3NQJfbVRAxdIw==

rfdc@^1.2.0, rfdc@^1.3.1:
  version "1.4.1"
  resolved "https://registry.yarnpkg.com/rfdc/-/rfdc-1.4.1.tgz#778f76c4fb731d93414e8f925fbecf64cce7f6ca"
  integrity sha512-q1b3N5QkRUWUl7iyylaaj3kOpIT0N2i9MqIEQXP73GVsN9cw3fdx8X63cEmWhJGi2PPCF23Ijp7ktmd39rawIA==

safe-regex2@^5.0.0:
  version "5.1.1"
  resolved "https://registry.yarnpkg.com/safe-regex2/-/safe-regex2-5.1.1.tgz#a5f3a6e35b8d84d0f41fa22efd5b6d30b367bbc7"
  integrity sha512-mOSBvHGDZMuIEZMdOz/aCEYDCv0E7nfcNsIhUF+/P+xC7Hyf3FkvymqgPbg9D1EdSGu+uKbJgy09K/RKKc7kJA==
  dependencies:
    ret "~0.5.0"

safe-stable-stringify@^2.3.1:
  version "2.5.0"
  resolved "https://registry.npmjs.org/safe-stable-stringify/-/safe-stable-stringify-2.5.0.tgz"
  integrity sha512-b3rppTKm9T+PsVCBEOUR46GWI7fdOs00VKZ1+9c1EWDaDMvjQc6tUwuFyIprgGgTcWoVHSKrU8H31ZHA2e0RHA==

secure-json-parse@^4.0.0:
  version "4.1.0"
  resolved "https://registry.npmjs.org/secure-json-parse/-/secure-json-parse-4.1.0.tgz"
  integrity sha512-l4KnYfEyqYJxDwlNVyRfO2E4NTHfMKAWdUuA8J0yve2Dz/E/PdBepY03RvyJpssIpRFwJoCD55wA+mEDs6ByWA==

semver@^7.6.0:
  version "7.7.4"
  resolved "https://registry.yarnpkg.com/semver/-/semver-7.7.4.tgz#28464e36060e991fa7a11d0279d2d3f3b57a7e8a"
  integrity sha512-vFKC2IEtQnVhpT78h1Yp8wzwrf8CM+MzKMHGJZfBtzhZNycRFnXsHk6E5TxIkkMsgNS7mdX3AGB7x2QM2di4lA==

set-blocking@^2.0.0:
  version "2.0.0"
  resolved "https://registry.npmjs.org/set-blocking/-/set-blocking-2.0.0.tgz"
  integrity sha512-KiKBS8AnWGEyLzofFfmvKwpdPzqiy16LvQfK3yv/fVH7Bj13/wl3JSR1J+rfgRE9q7xUJK4qvgS8raSOeLUehw==

set-cookie-parser@^2.6.0:
  version "2.7.2"
  resolved "https://registry.yarnpkg.com/set-cookie-parser/-/set-cookie-parser-2.7.2.tgz#ccd08673a9ae5d2e44ea2a2de25089e67c7edf68"
  integrity sha512-oeM1lpU/UvhTxw+g3cIfxXHyJRc/uidd3yK1P242gzHds0udQBYzs3y8j4gCCW+ZJ7ad0yctld8RYO+bdurlvw==

sonic-boom@^4.0.1:
  version "4.2.1"
  resolved "https://registry.npmjs.org/sonic-boom/-/sonic-boom-4.2.1.tgz"
  integrity sha512-w6AxtubXa2wTXAUsZMMWERrsIRAdrK0Sc+FUytWvYAhBJLyuI4llrMIC1DtlNSdI99EI86KZum2MMq3EAZlF9Q==
  dependencies:
    atomic-sleep "^1.0.0"

split2@^4.0.0:
  version "4.2.0"
  resolved "https://registry.npmjs.org/split2/-/split2-4.2.0.tgz"
  integrity sha512-UcjcJOWknrNkF6PLX83qcHM6KHgVKNkV62Y8a5uYDVv9ydGQVwAHMKqHdJje1VTWpljG0WYpCDhrCdAOYH4TWg==

string-width@^4.1.0, string-width@^4.2.0:
  version "4.2.3"
  resolved "https://registry.npmjs.org/string-width/-/string-width-4.2.3.tgz"
  integrity sha512-wKyQRQpjJ0sIp62ErSZdGsjMJWsap5oRNihHhu6G7JVO/9jIB6UyevL+tXuOqrng8j/cxKTWyWUwvSTriiZz/g==
  dependencies:
    emoji-regex "^8.0.0"
    is-fullwidth-code-point "^3.0.0"
    strip-ansi "^6.0.1"

strip-ansi@^6.0.0, strip-ansi@^6.0.1:
  version "6.0.1"
  resolved "https://registry.npmjs.org/strip-ansi/-/strip-ansi-6.0.1.tgz"
  integrity sha512-Y38VPSHcqkFrCpFnQ9vuSXmquuv5oXOKpGeT6aGrr3o3Gc9AlVa6JBfUSOCnbxGGZF+/0ooI7KrPuUSztUdU5A==
  dependencies:
    ansi-regex "^5.0.1"

strip-json-comments@^5.0.2:
  version "5.0.3"
  resolved "https://registry.npmjs.org/strip-json-comments/-/strip-json-comments-5.0.3.tgz"
  integrity sha512-1tB5mhVo7U+ETBKNf92xT4hrQa3pm0MZ0PQvuDnWgAAGHDsfp4lPSpiS6psrSiet87wyGPh9ft6wmhOMQ0hDiw==

strtok3@^10.3.4, strtok3@^10.3.5:
  version "10.3.5"
  resolved "https://registry.npmjs.org/strtok3/-/strtok3-10.3.5.tgz"
  integrity sha512-ki4hZQfh5rX0QDLLkOCj+h+CVNkqmp/CMf8v8kZpkNVK6jGQooMytqzLZYUVYIZcFZ6yDB70EfD8POcFXiF5oA==
  dependencies:
    "@tokenizer/token" "^0.3.0"

thread-stream@^3.0.0:
  version "3.1.0"
  resolved "https://registry.npmjs.org/thread-stream/-/thread-stream-3.1.0.tgz"
  integrity sha512-OqyPZ9u96VohAyMfJykzmivOrY2wfMSf3C5TtFJVgN+Hm6aj+voFhlK+kZEIv2FBh1X6Xp3DlnCOfEQ3B2J86A==
  dependencies:
    real-require "^0.2.0"

thread-stream@^4.0.0:
  version "4.0.0"
  resolved "https://registry.npmjs.org/thread-stream/-/thread-stream-4.0.0.tgz"
  integrity sha512-4iMVL6HAINXWf1ZKZjIPcz5wYaOdPhtO8ATvZ+Xqp3BTdaqtAwQkNmKORqcIo5YkQqGXq5cwfswDwMqqQNrpJA==
  dependencies:
    real-require "^0.2.0"

toad-cache@^3.7.0:
  version "3.7.0"
  resolved "https://registry.yarnpkg.com/toad-cache/-/toad-cache-3.7.0.tgz#b9b63304ea7c45ec34d91f1d2fa513517025c441"
  integrity sha512-/m8M+2BJUpoJdgAHoG+baCwBT+tf2VraSfkBgl0Y00qIWt41DJ8R5B8nsEw0I58YwF5IZH6z24/2TobDKnqSWw==

token-types@^6.1.1, token-types@^6.1.2:
  version "6.1.2"
  resolved "https://registry.npmjs.org/token-types/-/token-types-6.1.2.tgz"
  integrity sha512-dRXchy+C0IgK8WPC6xvCHFRIWYUbqqdEIKPaKo/AcTUNzwLTK6AH7RjdLWsEZcAN/TBdtfUw3PYEgPr5VPr6ww==
  dependencies:
    "@borewit/text-codec" "^0.2.1"
    "@tokenizer/token" "^0.3.0"
    ieee754 "^1.2.1"

tslib@^2.4.0:
  version "2.8.1"
  resolved "https://registry.npmjs.org/tslib/-/tslib-2.8.1.tgz"
  integrity sha512-oJFu94HQb+KVduSUQL7wnpmqnfmLsOA/nAh6b6EH0wCEoK0/mPeXU6c3wKDV83MkOuHPRHtSXKKU99IBazS/2w==

uint8array-extras@^1.4.0, uint8array-extras@^1.5.0:
  version "1.5.0"
  resolved "https://registry.npmjs.org/uint8array-extras/-/uint8array-extras-1.5.0.tgz"
  integrity sha512-rvKSBiC5zqCCiDZ9kAOszZcDvdAHwwIKJG33Ykj43OKcWsnmcBRL09YTU4nOeHZ8Y2a7l1MgTd08SBe9A8Qj6A==

undici-types@~7.19.0:
  version "7.19.2"
  resolved "https://registry.npmjs.org/undici-types/-/undici-types-7.19.2.tgz"
  integrity sha512-qYVnV5OEm2AW8cJMCpdV20CDyaN3g0AjDlOGf1OW4iaDEx8MwdtChUp4zu4H0VP3nDRF/8RKWH+IPp9uW0YGZg==

whatsapp-rust-bridge@0.5.3:
  version "0.5.3"
  resolved "https://registry.npmjs.org/whatsapp-rust-bridge/-/whatsapp-rust-bridge-0.5.3.tgz"
  integrity sha512-Xb3GAgtWQQJ30oI4a4pjM4+YUeli9CMLTwTIewUrb+AJMFElIkiT5uo+j1Zhc+amiV0Jj+LfX76c/EEZirJbGA==

which-module@^2.0.0:
  version "2.0.1"
  resolved "https://registry.npmjs.org/which-module/-/which-module-2.0.1.tgz"
  integrity sha512-iBdZ57RDvnOR9AGBhML2vFZf7h8vmBjhoaZqODJBFWHVtKkDmKuHai3cx5PgVMrX5YDNp27AofYbAwctSS+vhQ==

win-guid@^0.2.1:
  version "0.2.1"
  resolved "https://registry.npmjs.org/win-guid/-/win-guid-0.2.1.tgz"
  integrity sha512-gEIQU4mkgl2OPeoNrWflcJFJ3Ae2BPd4eCsHHA/XikslkIVms/nHhvnvzIZV7VLmBvtFlDOzLt9rrZT+n6D67A==

wrap-ansi@^6.2.0:
  version "6.2.0"
  resolved "https://registry.npmjs.org/wrap-ansi/-/wrap-ansi-6.2.0.tgz"
  integrity sha512-r6lPcBGxZXlIcymEu7InxDMhdW0KDxpLgoFLcguasxCaJ/SOIZwINatK9KY/tf+ZrlywOKU0UDj3ATXUBfxJXA==
  dependencies:
    ansi-styles "^4.0.0"
    string-width "^4.1.0"
    strip-ansi "^6.0.0"

wrappy@1:
  version "1.0.2"
  resolved "https://registry.npmjs.org/wrappy/-/wrappy-1.0.2.tgz"
  integrity sha512-l4Sp/DRseor9wL6EvV2+TuQn63dMkPjZ/sp9XkghTEbV9KlPS1xUsZ3u7/IQO4wxtcFB4bgpQPRcR3QCvezPcQ==

ws@^8.13.0:
  version "8.20.0"
  resolved "https://registry.npmjs.org/ws/-/ws-8.20.0.tgz"
  integrity sha512-sAt8BhgNbzCtgGbt2OxmpuryO63ZoDk/sqaB/znQm94T4fCEsy/yV+7CdC1kJhOU9lboAEU7R3kquuycDoibVA==

y18n@^4.0.0:
  version "4.0.3"
  resolved "https://registry.npmjs.org/y18n/-/y18n-4.0.3.tgz"
  integrity sha512-JKhqTOwSrqNA1NY5lSztJ1GrBiUodLMmIZuLiDaMRJ+itFd+ABVE8XBjOvIWL+rSqNDC74LCSFmlb/U4UZ4hJQ==

yargs-parser@^18.1.2:
  version "18.1.3"
  resolved "https://registry.npmjs.org/yargs-parser/-/yargs-parser-18.1.3.tgz"
  integrity sha512-o50j0JeToy/4K6OZcaQmW6lyXXKhq7csREXcDwk2omFPJEwUNOVtJKvmDr9EI1fAJZUyZcRF7kxGBWmRXudrCQ==
  dependencies:
    camelcase "^5.0.0"
    decamelize "^1.2.0"

yargs@^15.3.1:
  version "15.4.1"
  resolved "https://registry.npmjs.org/yargs/-/yargs-15.4.1.tgz"
  integrity sha512-aePbxDmcYW++PaqBsJ+HYUFwCdv4LVvdnhBy78E57PIor8/OVvhMrADFFEDh8DHDFRv/O9i3lPhsENjO7QX0+A==
  dependencies:
    cliui "^6.0.0"
    decamelize "^1.2.0"
    find-up "^4.1.0"
    get-caller-file "^2.0.1"
    require-directory "^2.1.1"
    require-main-filename "^2.0.0"
    set-blocking "^2.0.0"
    string-width "^4.2.0"
    which-module "^2.0.0"
    y18n "^4.0.0"
    yargs-parser "^18.1.2"
